// !$*UTF8*$!
{
	archiveVersion = 1;
	classes = {
	};
	objectVersion = 55;
	objects = {

/* Begin PBXBuildFile section */
		26F6A5062913F3D200FD3FA7 /* AppDelegate.swift in Sources */ = {isa = PBXBuildFile; fileRef = 26F6A5052913F3D200FD3FA7 /* AppDelegate.swift */; };
		26F6A5082913F3D200FD3FA7 /* SceneDelegate.swift in Sources */ = {isa = PBXBuildFile; fileRef = 26F6A5072913F3D200FD3FA7 /* SceneDelegate.swift */; };
		26F6A50A2913F3D200FD3FA7 /* AvalabilityCheckViewController.swift in Sources */ = {isa = PBXBuildFile; fileRef = 26F6A5092913F3D200FD3FA7 /* AvalabilityCheckViewController.swift */; };
		26F6A50D2913F3D200FD3FA7 /* Main.storyboard in Resources */ = {isa = PBXBuildFile; fileRef = 26F6A50B2913F3D200FD3FA7 /* Main.storyboard */; };
		26F6A50F2913F3D300FD3FA7 /* Assets.xcassets in Resources */ = {isa = PBXBuildFile; fileRef = 26F6A50E2913F3D300FD3FA7 /* Assets.xcassets */; };
		26F6A5122913F3D300FD3FA7 /* LaunchScreen.storyboard in Resources */ = {isa = PBXBuildFile; fileRef = 26F6A5102913F3D300FD3FA7 /* LaunchScreen.storyboard */; };
		26F6A51D2913F3D300FD3FA7 /* Gagenapally_TicketCheckoutAppTests.swift in Sources */ = {isa = PBXBuildFile; fileRef = 26F6A51C2913F3D300FD3FA7 /* Gagenapally_TicketCheckoutAppTests.swift */; };
		26F6A5272913F3D300FD3FA7 /* Gagenapally_TicketCheckoutAppUITests.swift in Sources */ = {isa = PBXBuildFile; fileRef = 26F6A5262913F3D300FD3FA7 /* Gagenapally_TicketCheckoutAppUITests.swift */; };
		26F6A5292913F3D300FD3FA7 /* Gagenapally_TicketCheckoutAppUITestsLaunchTests.swift in Sources */ = {isa = PBXBuildFile; fileRef = 26F6A5282913F3D300FD3FA7 /* Gagenapally_TicketCheckoutAppUITestsLaunchTests.swift */; };
		26F6A5362913F5B600FD3FA7 /* Ticket.swift in Sources */ = {isa = PBXBuildFile; fileRef = 26F6A5352913F5B600FD3FA7 /* Ticket.swift */; };
		26F6A5382913FB1400FD3FA7 /* CheckoutTicketViewController.swift in Sources */ = {isa = PBXBuildFile; fileRef = 26F6A5372913FB1400FD3FA7 /* CheckoutTicketViewController.swift */; };
/* End PBXBuildFile section */

/* Begin PBXContainerItemProxy section */
		26F6A5192913F3D300FD3FA7 /* PBXContainerItemProxy */ = {
			isa = PBXContainerItemProxy;
			containerPortal = 26F6A4FA2913F3D200FD3FA7 /* Project object */;
			proxyType = 1;
			remoteGlobalIDString = 26F6A5012913F3D200FD3FA7;
			remoteInfo = Gagenapally_TicketCheckoutApp;
		};
		26F6A5232913F3D300FD3FA7 /* PBXContainerItemProxy */ = {
			isa = PBXContainerItemProxy;
			containerPortal = 26F6A4FA2913F3D200FD3FA7 /* Project object */;
			proxyType = 1;
			remoteGlobalIDString = 26F6A5012913F3D200FD3FA7;
			remoteInfo = Gagenapally_TicketCheckoutApp;
		};
/* End PBXContainerItemProxy section */

/* Begin PBXFileReference section */
		26F6A5022913F3D200FD3FA7 /* Gagenapally_TicketCheckoutApp.app */ = {isa = PBXFileReference; explicitFileType = wrapper.application; includeInIndex = 0; path = Gagenapally_TicketCheckoutApp.app; sourceTree = BUILT_PRODUCTS_DIR; };
		26F6A5052913F3D200FD3FA7 /* AppDelegate.swift */ = {isa = PBXFileReference; lastKnownFileType = sourcecode.swift; path = AppDelegate.swift; sourceTree = "<group>"; };
		26F6A5072913F3D200FD3FA7 /* SceneDelegate.swift */ = {isa = PBXFileReference; lastKnownFileType = sourcecode.swift; path = SceneDelegate.swift; sourceTree = "<group>"; };
		26F6A5092913F3D200FD3FA7 /* AvalabilityCheckViewController.swift */ = {isa = PBXFileReference; lastKnownFileType = sourcecode.swift; path = AvalabilityCheckViewController.swift; sourceTree = "<group>"; };
		26F6A50C2913F3D200FD3FA7 /* Base */ = {isa = PBXFileReference; lastKnownFileType = file.storyboard; name = Base; path = Base.lproj/Main.storyboard; sourceTree = "<group>"; };
		26F6A50E2913F3D300FD3FA7 /* Assets.xcassets */ = {isa = PBXFileReference; lastKnownFileType = folder.assetcatalog; path = Assets.xcassets; sourceTree = "<group>"; };
		26F6A5112913F3D300FD3FA7 /* Base */ = {isa = PBXFileReference; lastKnownFileType = file.storyboard; name = Base; path = Base.lproj/LaunchScreen.storyboard; sourceTree = "<group>"; };
		26F6A5132913F3D300FD3FA7 /* Info.plist */ = {isa = PBXFileReference; lastKnownFileType = text.plist.xml; path = Info.plist; sourceTree = "<group>"; };
		26F6A5182913F3D300FD3FA7 /* Gagenapally_TicketCheckoutAppTests.xctest */ = {isa = PBXFileReference; explicitFileType = wrapper.cfbundle; includeInIndex = 0; path = Gagenapally_TicketCheckoutAppTests.xctest; sourceTree = BUILT_PRODUCTS_DIR; };
		26F6A51C2913F3D300FD3FA7 /* Gagenapally_TicketCheckoutAppTests.swift */ = {isa = PBXFileReference; lastKnownFileType = sourcecode.swift; path = Gagenapally_TicketCheckoutAppTests.swift; sourceTree = "<group>"; };
		26F6A5222913F3D300FD3FA7 /* Gagenapally_TicketCheckoutAppUITests.xctest */ = {isa = PBXFileReference; explicitFileType = wrapper.cfbundle; includeInIndex = 0; path = Gagenapally_TicketCheckoutAppUITests.xctest; sourceTree = BUILT_PRODUCTS_DIR; };
		26F6A5262913F3D300FD3FA7 /* Gagenapally_TicketCheckoutAppUITests.swift */ = {isa = PBXFileReference; lastKnownFileType = sourcecode.swift; path = Gagenapally_TicketCheckoutAppUITests.swift; sourceTree = "<group>"; };
		26F6A5282913F3D300FD3FA7 /* Gagenapally_TicketCheckoutAppUITestsLaunchTests.swift */ = {isa = PBXFileReference; lastKnownFileType = sourcecode.swift; path = Gagenapally_TicketCheckoutAppUITestsLaunchTests.swift; sourceTree = "<group>"; };
		26F6A5352913F5B600FD3FA7 /* Ticket.swift */ = {isa = PBXFileReference; lastKnownFileType = sourcecode.swift; path = Ticket.swift; sourceTree = "<group>"; };
		26F6A5372913FB1400FD3FA7 /* CheckoutTicketViewController.swift */ = {isa = PBXFileReference; lastKnownFileType = sourcecode.swift; path = CheckoutTicketViewController.swift; sourceTree = "<group>"; };
/* End PBXFileReference section */

/* Begin PBXFrameworksBuildPhase section */
		26F6A4FF2913F3D200FD3FA7 /* Frameworks */ = {
			isa = PBXFrameworksBuildPhase;
			buildActionMask = 2147483647;
			files = (
			);
			runOnlyForDeploymentPostprocessing = 0;
		};
		26F6A5152913F3D300FD3FA7 /* Frameworks */ = {
			isa = PBXFrameworksBuildPhase;
			buildActionMask = 2147483647;
			files = (
			);
			runOnlyForDeploymentPostprocessing = 0;
		};
		26F6A51F2913F3D300FD3FA7 /* Frameworks */ = {
			isa = PBXFrameworksBuildPhase;
			buildActionMask = 2147483647;
			files = (
			);
			runOnlyForDeploymentPostprocessing = 0;
		};
/* End PBXFrameworksBuildPhase section */

/* Begin PBXGroup section */
		26F6A4F92913F3D200FD3FA7 = {
			isa = PBXGroup;
			children = (
				26F6A5042913F3D200FD3FA7 /* Gagenapally_TicketCheckoutApp */,
				26F6A51B2913F3D300FD3FA7 /* Gagenapally_TicketCheckoutAppTests */,
				26F6A5252913F3D300FD3FA7 /* Gagenapally_TicketCheckoutAppUITests */,
				26F6A5032913F3D200FD3FA7 /* Products */,
			);
			sourceTree = "<group>";
		};
		26F6A5032913F3D200FD3FA7 /* Products */ = {
			isa = PBXGroup;
			children = (
				26F6A5022913F3D200FD3FA7 /* Gagenapally_TicketCheckoutApp.app */,
				26F6A5182913F3D300FD3FA7 /* Gagenapally_TicketCheckoutAppTests.xctest */,
				26F6A5222913F3D300FD3FA7 /* Gagenapally_TicketCheckoutAppUITests.xctest */,
			);
			name = Products;
			sourceTree = "<group>";
		};
		26F6A5042913F3D200FD3FA7 /* Gagenapally_TicketCheckoutApp */ = {
			isa = PBXGroup;
			children = (
				26F6A5052913F3D200FD3FA7 /* AppDelegate.swift */,
				26F6A5072913F3D200FD3FA7 /* SceneDelegate.swift */,
				26F6A5092913F3D200FD3FA7 /* AvalabilityCheckViewController.swift */,
				26F6A50B2913F3D200FD3FA7 /* Main.storyboard */,
				26F6A50E2913F3D300FD3FA7 /* Assets.xcassets */,
				26F6A5102913F3D300FD3FA7 /* LaunchScreen.storyboard */,
				26F6A5132913F3D300FD3FA7 /* Info.plist */,
				26F6A5352913F5B600FD3FA7 /* Ticket.swift */,
				26F6A5372913FB1400FD3FA7 /* CheckoutTicketViewController.swift */,
			);
			path = Gagenapally_TicketCheckoutApp;
			sourceTree = "<group>";
		};
		26F6A51B2913F3D300FD3FA7 /* Gagenapally_TicketCheckoutAppTests */ = {
			isa = PBXGroup;
			children = (
				26F6A51C2913F3D300FD3FA7 /* Gagenapally_TicketCheckoutAppTests.swift */,
			);
			path = Gagenapally_TicketCheckoutAppTests;
			sourceTree = "<group>";
		};
		26F6A5252913F3D300FD3FA7 /* Gagenapally_TicketCheckoutAppUITests */ = {
			isa = PBXGroup;
			children = (
				26F6A5262913F3D300FD3FA7 /* Gagenapally_TicketCheckoutAppUITests.swift */,
				26F6A5282913F3D300FD3FA7 /* Gagenapally_TicketCheckoutAppUITestsLaunchTests.swift */,
			);
			path = Gagenapally_TicketCheckoutAppUITests;
			sourceTree = "<group>";
		};
/* End PBXGroup section */

/* Begin PBXNativeTarget section */
		26F6A5012913F3D200FD3FA7 /* Gagenapally_TicketCheckoutApp */ = {
			isa = PBXNativeTarget;
			buildConfigurationList = 26F6A52C2913F3D300FD3FA7 /* Build configuration list for PBXNativeTarget "Gagenapally_TicketCheckoutApp" */;
			buildPhases = (
				26F6A4FE2913F3D200FD3FA7 /* Sources */,
				26F6A4FF2913F3D200FD3FA7 /* Frameworks */,
				26F6A5002913F3D200FD3FA7 /* Resources */,
			);
			buildRules = (
			);
			dependencies = (
			);
			name = Gagenapally_TicketCheckoutApp;
			productName = Gagenapally_TicketCheckoutApp;
			productReference = 26F6A5022913F3D200FD3FA7 /* Gagenapally_TicketCheckoutApp.app */;
			productType = "com.apple.product-type.application";
		};
		26F6A5172913F3D300FD3FA7 /* Gagenapally_TicketCheckoutAppTests */ = {
			isa = PBXNativeTarget;
			buildConfigurationList = 26F6A52F2913F3D300FD3FA7 /* Build configuration list for PBXNativeTarget "Gagenapally_TicketCheckoutAppTests" */;
			buildPhases = (
				26F6A5142913F3D300FD3FA7 /* Sources */,
				26F6A5152913F3D300FD3FA7 /* Frameworks */,
				26F6A5162913F3D300FD3FA7 /* Resources */,
			);
			buildRules = (
			);
			dependencies = (
				26F6A51A2913F3D300FD3FA7 /* PBXTargetDependency */,
			);
			name = Gagenapally_TicketCheckoutAppTests;
			productName = Gagenapally_TicketCheckoutAppTests;
			productReference = 26F6A5182913F3D300FD3FA7 /* Gagenapally_TicketCheckoutAppTests.xctest */;
			productType = "com.apple.product-type.bundle.unit-test";
		};
		26F6A5212913F3D300FD3FA7 /* Gagenapally_TicketCheckoutAppUITests */ = {
			isa = PBXNativeTarget;
			buildConfigurationList = 26F6A5322913F3D300FD3FA7 /* Build configuration list for PBXNativeTarget "Gagenapally_TicketCheckoutAppUITests" */;
			buildPhases = (
				26F6A51E2913F3D300FD3FA7 /* Sources */,
				26F6A51F2913F3D300FD3FA7 /* Frameworks */,
				26F6A5202913F3D300FD3FA7 /* Resources */,
			);
			buildRules = (
			);
			dependencies = (
				26F6A5242913F3D300FD3FA7 /* PBXTargetDependency */,
			);
			name = Gagenapally_TicketCheckoutAppUITests;
			productName = Gagenapally_TicketCheckoutAppUITests;
			productReference = 26F6A5222913F3D300FD3FA7 /* Gagenapally_TicketCheckoutAppUITests.xctest */;
			productType = "com.apple.product-type.bundle.ui-testing";
		};
/* End PBXNativeTarget section */

/* Begin PBXProject section */
		26F6A4FA2913F3D200FD3FA7 /* Project object */ = {
			isa = PBXProject;
			attributes = {
				BuildIndependentTargetsInParallel = 1;
				LastSwiftUpdateCheck = 1400;
				LastUpgradeCheck = 1400;
				TargetAttributes = {
					26F6A5012913F3D200FD3FA7 = {
						CreatedOnToolsVersion = 14.0.1;
					};
					26F6A5172913F3D300FD3FA7 = {
						CreatedOnToolsVersion = 14.0.1;
						TestTargetID = 26F6A5012913F3D200FD3FA7;
					};
					26F6A5212913F3D300FD3FA7 = {
						CreatedOnToolsVersion = 14.0.1;
						TestTargetID = 26F6A5012913F3D200FD3FA7;
					};
				};
			};
			buildConfigurationList = 26F6A4FD2913F3D200FD3FA7 /* Build configuration list for PBXProject "Gagenapally_TicketCheckoutApp" */;
			compatibilityVersion = "Xcode 13.0";
			developmentRegion = en;
			hasScannedForEncodings = 0;
			knownRegions = (
				en,
				Base,
			);
			mainGroup = 26F6A4F92913F3D200FD3FA7;
			productRefGroup = 26F6A5032913F3D200FD3FA7 /* Products */;
			projectDirPath = "";
			projectRoot = "";
			targets = (
				26F6A5012913F3D200FD3FA7 /* Gagenapally_TicketCheckoutApp */,
				26F6A5172913F3D300FD3FA7 /* Gagenapally_TicketCheckoutAppTests */,
				26F6A5212913F3D300FD3FA7 /* Gagenapally_TicketCheckoutAppUITests */,
			);
		};
/* End PBXProject section */

/* Begin PBXResourcesBuildPhase section */
		26F6A5002913F3D200FD3FA7 /* Resources */ = {
			isa = PBXResourcesBuildPhase;
			buildActionMask = 2147483647;
			files = (
				26F6A5122913F3D300FD3FA7 /* LaunchScreen.storyboard in Resources */,
				26F6A50F2913F3D300FD3FA7 /* Assets.xcassets in Resources */,
				26F6A50D2913F3D200FD3FA7 /* Main.storyboard in Resources */,
			);
			runOnlyForDeploymentPostprocessing = 0;
		};
		26F6A5162913F3D300FD3FA7 /* Resources */ = {
			isa = PBXResourcesBuildPhase;
			buildActionMask = 2147483647;
			files = (
			);
			runOnlyForDeploymentPostprocessing = 0;
		};
		26F6A5202913F3D300FD3FA7 /* Resources */ = {
			isa = PBXResourcesBuildPhase;
			buildActionMask = 2147483647;
			files = (
			);
			runOnlyForDeploymentPostprocessing = 0;
		};
/* End PBXResourcesBuildPhase section */

/* Begin PBXSourcesBuildPhase section */
		26F6A4FE2913F3D200FD3FA7 /* Sources */ = {
			isa = PBXSourcesBuildPhase;
			buildActionMask = 2147483647;
			files = (
				26F6A50A2913F3D200FD3FA7 /* AvalabilityCheckViewController.swift in Sources */,
				26F6A5382913FB1400FD3FA7 /* CheckoutTicketViewController.swift in Sources */,
				26F6A5062913F3D200FD3FA7 /* AppDelegate.swift in Sources */,
				26F6A5082913F3D200FD3FA7 /* SceneDelegate.swift in Sources */,
				26F6A5362913F5B600FD3FA7 /* Ticket.swift in Sources */,
			);
			runOnlyForDeploymentPostprocessing = 0;
		};
		26F6A5142913F3D300FD3FA7 /* Sources */ = {
			isa = PBXSourcesBuildPhase;
			buildActionMask = 2147483647;
			files = (
				26F6A51D2913F3D300FD3FA7 /* Gagenapally_TicketCheckoutAppTests.swift in Sources */,
			);
			runOnlyForDeploymentPostprocessing = 0;
		};
		26F6A51E2913F3D300FD3FA7 /* Sources */ = {
			isa = PBXSourcesBuildPhase;
			buildActionMask = 2147483647;
			files = (
				26F6A5292913F3D300FD3FA7 /* Gagenapally_TicketCheckoutAppUITestsLaunchTests.swift in Sources */,
				26F6A5272913F3D300FD3FA7 /* Gagenapally_TicketCheckoutAppUITests.swift in Sources */,
			);
			runOnlyForDeploymentPostprocessing = 0;
		};
/* End PBXSourcesBuildPhase section */

/* Begin PBXTargetDependency section */
		26F6A51A2913F3D300FD3FA7 /* PBXTargetDependency */ = {
			isa = PBXTargetDependency;
			target = 26F6A5012913F3D200FD3FA7 /* Gagenapally_TicketCheckoutApp */;
			targetProxy = 26F6A5192913F3D300FD3FA7 /* PBXContainerItemProxy */;
		};
		26F6A5242913F3D300FD3FA7 /* PBXTargetDependency */ = {
			isa = PBXTargetDependency;
			target = 26F6A5012913F3D200FD3FA7 /* Gagenapally_TicketCheckoutApp */;
			targetProxy = 26F6A5232913F3D300FD3FA7 /* PBXContainerItemProxy */;
		};
/* End PBXTargetDependency section */

/* Begin PBXVariantGroup section */
		26F6A50B2913F3D200FD3FA7 /* Main.storyboard */ = {
			isa = PBXVariantGroup;
			children = (
				26F6A50C2913F3D200FD3FA7 /* Base */,
			);
			name = Main.storyboard;
			sourceTree = "<group>";
		};
		26F6A5102913F3D300FD3FA7 /* LaunchScreen.storyboard */ = {
			isa = PBXVariantGroup;
			children = (
				26F6A5112913F3D300FD3FA7 /* Base */,
			);
			name = LaunchScreen.storyboard;
			sourceTree = "<group>";
		};
/* End PBXVariantGroup section */

/* Begin XCBuildConfiguration section */
		26F6A52A2913F3D300FD3FA7 /* Debug */ = {
			isa = XCBuildConfiguration;
			buildSettings = {
				ALWAYS_SEARCH_USER_PATHS = NO;
				CLANG_ANALYZER_NONNULL = YES;
				CLANG_ANALYZER_NUMBER_OBJECT_CONVERSION = YES_AGGRESSIVE;
				CLANG_CXX_LANGUAGE_STANDARD = "gnu++20";
				CLANG_ENABLE_MODULES = YES;
				CLANG_ENABLE_OBJC_ARC = YES;
				CLANG_ENABLE_OBJC_WEAK = YES;
				CLANG_WARN_BLOCK_CAPTURE_AUTORELEASING = YES;
				CLANG_WARN_BOOL_CONVERSION = YES;
				CLANG_WARN_COMMA = YES;
				CLANG_WARN_CONSTANT_CONVERSION = YES;
				CLANG_WARN_DEPRECATED_OBJC_IMPLEMENTATIONS = YES;
				CLANG_WARN_DIRECT_OBJC_ISA_USAGE = YES_ERROR;
				CLANG_WARN_DOCUMENTATION_COMMENTS = YES;
				CLANG_WARN_EMPTY_BODY = YES;
				CLANG_WARN_ENUM_CONVERSION = YES;
				CLANG_WARN_INFINITE_RECURSION = YES;
				CLANG_WARN_INT_CONVERSION = YES;
				CLANG_WARN_NON_LITERAL_NULL_CONVERSION = YES;
				CLANG_WARN_OBJC_IMPLICIT_RETAIN_SELF = YES;
				CLANG_WARN_OBJC_LITERAL_CONVERSION = YES;
				CLANG_WARN_OBJC_ROOT_CLASS = YES_ERROR;
				CLANG_WARN_QUOTED_INCLUDE_IN_FRAMEWORK_HEADER = YES;
				CLANG_WARN_RANGE_LOOP_ANALYSIS = YES;
				CLANG_WARN_STRICT_PROTOTYPES = YES;
				CLANG_WARN_SUSPICIOUS_MOVE = YES;
				CLANG_WARN_UNGUARDED_AVAILABILITY = YES_AGGRESSIVE;
				CLANG_WARN_UNREACHABLE_CODE = YES;
				CLANG_WARN__DUPLICATE_METHOD_MATCH = YES;
				COPY_PHASE_STRIP = NO;
				DEBUG_INFORMATION_FORMAT = dwarf;
				ENABLE_STRICT_OBJC_MSGSEND = YES;
				ENABLE_TESTABILITY = YES;
				GCC_C_LANGUAGE_STANDARD = gnu11;
				GCC_DYNAMIC_NO_PIC = NO;
				GCC_NO_COMMON_BLOCKS = YES;
				GCC_OPTIMIZATION_LEVEL = 0;
				GCC_PREPROCESSOR_DEFINITIONS = (
					"DEBUG=1",
					"$(inherited)",
				);
				GCC_WARN_64_TO_32_BIT_CONVERSION = YES;
				GCC_WARN_ABOUT_RETURN_TYPE = YES_ERROR;
				GCC_WARN_UNDECLARED_SELECTOR = YES;
				GCC_WARN_UNINITIALIZED_AUTOS = YES_AGGRESSIVE;
				GCC_WARN_UNUSED_FUNCTION = YES;
				GCC_WARN_UNUSED_VARIABLE = YES;
				IPHONEOS_DEPLOYMENT_TARGET = 16.0;
				MTL_ENABLE_DEBUG_INFO = INCLUDE_SOURCE;
				MTL_FAST_MATH = YES;
				ONLY_ACTIVE_ARCH = YES;
				SDKROOT = iphoneos;
				SWIFT_ACTIVE_COMPILATION_CONDITIONS = DEBUG;
				SWIFT_OPTIMIZATION_LEVEL = "-Onone";
			};
			name = Debug;
		};
		26F6A52B2913F3D300FD3FA7 /* Release */ = {
			isa = XCBuildConfiguration;
			buildSettings = {
				ALWAYS_SEARCH_USER_PATHS = NO;
				CLANG_ANALYZER_NONNULL = YES;
				CLANG_ANALYZER_NUMBER_OBJECT_CONVERSION = YES_AGGRESSIVE;
				CLANG_CXX_LANGUAGE_STANDARD = "gnu++20";
				CLANG_ENABLE_MODULES = YES;
				CLANG_ENABLE_OBJC_ARC = YES;
				CLANG_ENABLE_OBJC_WEAK = YES;
				CLANG_WARN_BLOCK_CAPTURE_AUTORELEASING = YES;
				CLANG_WARN_BOOL_CONVERSION = YES;
				CLANG_WARN_COMMA = YES;
				CLANG_WARN_CONSTANT_CONVERSION = YES;
				CLANG_WARN_DEPRECATED_OBJC_IMPLEMENTATIONS = YES;
				CLANG_WARN_DIRECT_OBJC_ISA_USAGE = YES_ERROR;
				CLANG_WARN_DOCUMENTATION_COMMENTS = YES;
				CLANG_WARN_EMPTY_BODY = YES;
				CLANG_WARN_ENUM_CONVERSION = YES;
				CLANG_WARN_INFINITE_RECURSION = YES;
				CLANG_WARN_INT_CONVERSION = YES;
				CLANG_WARN_NON_LITERAL_NULL_CONVERSION = YES;
				CLANG_WARN_OBJC_IMPLICIT_RETAIN_SELF = YES;
				CLANG_WARN_OBJC_LITERAL_CONVERSION = YES;
				CLANG_WARN_OBJC_ROOT_CLASS = YES_ERROR;
				CLANG_WARN_QUOTED_INCLUDE_IN_FRAMEWORK_HEADER = YES;
				CLANG_WARN_RANGE_LOOP_ANALYSIS = YES;
				CLANG_WARN_STRICT_PROTOTYPES = YES;
				CLANG_WARN_SUSPICIOUS_MOVE = YES;
				CLANG_WARN_UNGUARDED_AVAILABILITY = YES_AGGRESSIVE;
				CLANG_WARN_UNREACHABLE_CODE = YES;
				CLANG_WARN__DUPLICATE_METHOD_MATCH = YES;
				COPY_PHASE_STRIP = NO;
				DEBUG_INFORMATION_FORMAT = "dwarf-with-dsym";
				ENABLE_NS_ASSERTIONS = NO;
				ENABLE_STRICT_OBJC_MSGSEND = YES;
				GCC_C_LANGUAGE_STANDARD = gnu11;
				GCC_NO_COMMON_BLOCKS = YES;
				GCC_WARN_64_TO_32_BIT_CONVERSION = YES;
				GCC_WARN_ABOUT_RETURN_TYPE = YES_ERROR;
				GCC_WARN_UNDECLARED_SELECTOR = YES;
				GCC_WARN_UNINITIALIZED_AUTOS = YES_AGGRESSIVE;
				GCC_WARN_UNUSED_FUNCTION = YES;
				GCC_WARN_UNUSED_VARIABLE = YES;
				IPHONEOS_DEPLOYMENT_TARGET = 16.0;
				MTL_ENABLE_DEBUG_INFO = NO;
				MTL_FAST_MATH = YES;
				SDKROOT = iphoneos;
				SWIFT_COMPILATION_MODE = wholemodule;
				SWIFT_OPTIMIZATION_LEVEL = "-O";
				VALIDATE_PRODUCT = YES;
			};
			name = Release;
		};
		26F6A52D2913F3D300FD3FA7 /* Debug */ = {
			isa = XCBuildConfiguration;
			buildSettings = {
				ASSETCATALOG_COMPILER_APPICON_NAME = AppIcon;
				ASSETCATALOG_COMPILER_GLOBAL_ACCENT_COLOR_NAME = AccentColor;
				CODE_SIGN_STYLE = Automatic;
				CURRENT_PROJECT_VERSION = 1;
				GENERATE_INFOPLIST_FILE = YES;
				INFOPLIST_FILE = Gagenapally_TicketCheckoutApp/Info.plist;
				INFOPLIST_KEY_CFBundleDisplayName = TicketCheckoutApp;
				INFOPLIST_KEY_UIApplicationSupportsIndirectInputEvents = YES;
				INFOPLIST_KEY_UILaunchStoryboardName = LaunchScreen;
				INFOPLIST_KEY_UIMainStoryboardFile = Main;
				INFOPLIST_KEY_UISupportedInterfaceOrientations_iPad = "UIInterfaceOrientationPortrait UIInterfaceOrientationPortraitUpsideDown UIInterfaceOrientationLandscapeLeft UIInterfaceOrientationLandscapeRight";
				INFOPLIST_KEY_UISupportedInterfaceOrientations_iPhone = "UIInterfaceOrientationPortrait UIInterfaceOrientationLandscapeLeft UIInterfaceOrientationLandscapeRight";
				IPHONEOS_DEPLOYMENT_TARGET = 15.5;
				LD_RUNPATH_SEARCH_PATHS = (
					"$(inherited)",
					"@executable_path/Frameworks",
				);
				MARKETING_VERSION = 1.0;
				PRODUCT_BUNDLE_IDENTIFIER = "nwmsu.Gagenapally-TicketCheckoutApp";
				PRODUCT_NAME = "$(TARGET_NAME)";
				SWIFT_EMIT_LOC_STRINGS = YES;
				SWIFT_VERSION = 5.0;
				TARGETED_DEVICE_FAMILY = "1,2";
			};
			name = Debug;
		};
		26F6A52E2913F3D300FD3FA7 /* Release */ = {
			isa = XCBuildConfiguration;
			buildSettings = {
				ASSETCATALOG_COMPILER_APPICON_NAME = AppIcon;
				ASSETCATALOG_COMPILER_GLOBAL_ACCENT_COLOR_NAME = AccentColor;
				CODE_SIGN_STYLE = Automatic;
				CURRENT_PROJECT_VERSION = 1;
				GENERATE_INFOPLIST_FILE = YES;
				INFOPLIST_FILE = Gagenapally_TicketCheckoutApp/Info.plist;
				INFOPLIST_KEY_CFBundleDisplayName = TicketCheckoutApp;
				INFOPLIST_KEY_UIApplicationSupportsIndirectInputEvents = YES;
				INFOPLIST_KEY_UILaunchStoryboardName = LaunchScreen;
				INFOPLIST_KEY_UIMainStoryboardFile = Main;
				INFOPLIST_KEY_UISupportedInterfaceOrientations_iPad = "UIInterfaceOrientationPortrait UIInterfaceOrientationPortraitUpsideDown UIInterfaceOrientationLandscapeLeft UIInterfaceOrientationLandscapeRight";
				INFOPLIST_KEY_UISupportedInterfaceOrientations_iPhone = "UIInterfaceOrientationPortrait UIInterfaceOrientationLandscapeLeft UIInterfaceOrientationLandscapeRight";
				IPHONEOS_DEPLOYMENT_TARGET = 15.5;
				LD_RUNPATH_SEARCH_PATHS = (
					"$(inherited)",
					"@executable_path/Frameworks",
				);
				MARKETING_VERSION = 1.0;
				PRODUCT_BUNDLE_IDENTIFIER = "nwmsu.Gagenapally-TicketCheckoutApp";
				PRODUCT_NAME = "$(TARGET_NAME)";
				SWIFT_EMIT_LOC_STRINGS = YES;
				SWIFT_VERSION = 5.0;
				TARGETED_DEVICE_FAMILY = "1,2";
			};
			name = Release;
		};
		26F6A5302913F3D300FD3FA7 /* Debug */ = {
			isa = XCBuildConfiguration;
			buildSettings = {
				ALWAYS_EMBED_SWIFT_STANDARD_LIBRARIES = YES;
				BUNDLE_LOADER = "$(TEST_HOST)";
				CODE_SIGN_STYLE = Automatic;
				CURRENT_PROJECT_VERSION = 1;
				GENERATE_INFOPLIST_FILE = YES;
				IPHONEOS_DEPLOYMENT_TARGET = 16.0;
				MARKETING_VERSION = 1.0;
				PRODUCT_BUNDLE_IDENTIFIER = "nwmsu.Gagenapally-TicketCheckoutAppTests";
				PRODUCT_NAME = "$(TARGET_NAME)";
				SWIFT_EMIT_LOC_STRINGS = NO;
				SWIFT_VERSION = 5.0;
				TARGETED_DEVICE_FAMILY = "1,2";
				TEST_HOST = "$(BUILT_PRODUCTS_DIR)/Gagenapally_TicketCheckoutApp.app/$(BUNDLE_EXECUTABLE_FOLDER_PATH)/Gagenapally_TicketCheckoutApp";
			};
			name = Debug;
		};
		26F6A5312913F3D300FD3FA7 /* Release */ = {
			isa = XCBuildConfiguration;
			buildSettings = {
				ALWAYS_EMBED_SWIFT_STANDARD_LIBRARIES = YES;
				BUNDLE_LOADER = "$(TEST_HOST)";
				CODE_SIGN_STYLE = Automatic;
				CURRENT_PROJECT_VERSION = 1;
				GENERATE_INFOPLIST_FILE = YES;
				IPHONEOS_DEPLOYMENT_TARGET = 16.0;
				MARKETING_VERSION = 1.0;
				PRODUCT_BUNDLE_IDENTIFIER = "nwmsu.Gagenapally-TicketCheckoutAppTests";
				PRODUCT_NAME = "$(TARGET_NAME)";
				SWIFT_EMIT_LOC_STRINGS = NO;
				SWIFT_VERSION = 5.0;
				TARGETED_DEVICE_FAMILY = "1,2";
				TEST_HOST = "$(BUILT_PRODUCTS_DIR)/Gagenapally_TicketCheckoutApp.app/$(BUNDLE_EXECUTABLE_FOLDER_PATH)/Gagenapally_TicketCheckoutApp";
			};
			name = Release;
		};
		26F6A5332913F3D300FD3FA7 /* Debug */ = {
			isa = XCBuildConfiguration;
			buildSettings = {
				ALWAYS_EMBED_SWIFT_STANDARD_LIBRARIES = YES;
				CODE_SIGN_STYLE = Automatic;
				CURRENT_PROJECT_VERSION = 1;
				GENERATE_INFOPLIST_FILE = YES;
				MARKETING_VERSION = 1.0;
				PRODUCT_BUNDLE_IDENTIFIER = "nwmsu.Gagenapally-TicketCheckoutAppUITests";
				PRODUCT_NAME = "$(TARGET_NAME)";
				SWIFT_EMIT_LOC_STRINGS = NO;
				SWIFT_VERSION = 5.0;
				TARGETED_DEVICE_FAMILY = "1,2";
				TEST_TARGET_NAME = Gagenapally_TicketCheckoutApp;
			};
			name = Debug;
		};
		26F6A5342913F3D300FD3FA7 /* Release */ = {
			isa = XCBuildConfiguration;
			buildSettings = {
				ALWAYS_EMBED_SWIFT_STANDARD_LIBRARIES = YES;
				CODE_SIGN_STYLE = Automatic;
				CURRENT_PROJECT_VERSION = 1;
				GENERATE_INFOPLIST_FILE = YES;
				MARKETING_VERSION = 1.0;
				PRODUCT_BUNDLE_IDENTIFIER = "nwmsu.Gagenapally-TicketCheckoutAppUITests";
				PRODUCT_NAME = "$(TARGET_NAME)";
				SWIFT_EMIT_LOC_STRINGS = NO;
				SWIFT_VERSION = 5.0;
				TARGETED_DEVICE_FAMILY = "1,2";
				TEST_TARGET_NAME = Gagenapally_TicketCheckoutApp;
			};
			name = Release;
		};
/* End XCBuildConfiguration section */

/* Begin XCConfigurationList section */
		26F6A4FD2913F3D200FD3FA7 /* Build configuration list for PBXProject "Gagenapally_TicketCheckoutApp" */ = {
			isa = XCConfigurationList;
			buildConfigurations = (
				26F6A52A2913F3D300FD3FA7 /* Debug */,
				26F6A52B2913F3D300FD3FA7 /* Release */,
			);
			defaultConfigurationIsVisible = 0;
			defaultConfigurationName = Release;
		};
		26F6A52C2913F3D300FD3FA7 /* Build configuration list for PBXNativeTarget "Gagenapally_TicketCheckoutApp" */ = {
			isa = XCConfigurationList;
			buildConfigurations = (
				26F6A52D2913F3D300FD3FA7 /* Debug */,
				26F6A52E2913F3D300FD3FA7 /* Release */,
			);
			defaultConfigurationIsVisible = 0;
			defaultConfigurationName = Release;
		};
		26F6A52F2913F3D300FD3FA7 /* Build configuration list for PBXNativeTarget "Gagenapally_TicketCheckoutAppTests" */ = {
			isa = XCConfigurationList;
			buildConfigurations = (
				26F6A5302913F3D300FD3FA7 /* Debug */,
				26F6A5312913F3D300FD3FA7 /* Release */,
			);
			defaultConfigurationIsVisible = 0;
			defaultConfigurationName = Release;
		};
		26F6A5322913F3D300FD3FA7 /* Build configuration list for PBXNativeTarget "Gagenapally_TicketCheckoutAppUITests" */ = {
			isa = XCConfigurationList;
			buildConfigurations = (
				26F6A5332913F3D300FD3FA7 /* Debug */,
				26F6A5342913F3D300FD3FA7 /* Release */,
			);
			defaultConfigurationIsVisible = 0;
			defaultConfigurationName = Release;
		};
/* End XCConfigurationList section */
	};
	rootObject = 26F6A4FA2913F3D200FD3FA7 /* Project object */;
}
